// !$*UTF8*$!
{
	archiveVersion = 1;
	classes = {
	};
	objectVersion = 56;
	objects = {

/* Begin PBXBuildFile section */
		3334F1352BB070D3007C4868 /* MainView.swift in Sources */ = {isa = PBXBuildFile; fileRef = 3334F1342BB070D3007C4868 /* MainView.swift */; };
		3334F1372BB070F3007C4868 /* MainViewModel.swift in Sources */ = {isa = PBXBuildFile; fileRef = 3334F1362BB070F3007C4868 /* MainViewModel.swift */; };
		3334F13C2BB0728E007C4868 /* WebView.swift in Sources */ = {isa = PBXBuildFile; fileRef = 3334F13B2BB0728E007C4868 /* WebView.swift */; };
		3334F13E2BB07370007C4868 /* WebViewModel.swift in Sources */ = {isa = PBXBuildFile; fileRef = 3334F13D2BB07370007C4868 /* WebViewModel.swift */; };
		333B4D992B7F9A6600DD21D6 /* WebViewApp.swift in Sources */ = {isa = PBXBuildFile; fileRef = 333B4D982B7F9A6600DD21D6 /* WebViewApp.swift */; };
		333B4D9D2B7F9A6700DD21D6 /* Assets.xcassets in Resources */ = {isa = PBXBuildFile; fileRef = 333B4D9C2B7F9A6700DD21D6 /* Assets.xcassets */; };
		333B4DA02B7F9A6700DD21D6 /* Preview Assets.xcassets in Resources */ = {isa = PBXBuildFile; fileRef = 333B4D9F2B7F9A6700DD21D6 /* Preview Assets.xcassets */; };
		3352AC1D2BB1D0D10081702F /* LocalDataSource.swift in Sources */ = {isa = PBXBuildFile; fileRef = 3352AC1C2BB1D0D10081702F /* LocalDataSource.swift */; };
		3352AC1F2BB1D57B0081702F /* FileStatus.swift in Sources */ = {isa = PBXBuildFile; fileRef = 3352AC1E2BB1D57B0081702F /* FileStatus.swift */; };
		3352AC212BB1D8530081702F /* RemoteDataSource.swift in Sources */ = {isa = PBXBuildFile; fileRef = 3352AC202BB1D8530081702F /* RemoteDataSource.swift */; };
		3352AC232BB1D8BB0081702F /* RepositoryApp.swift in Sources */ = {isa = PBXBuildFile; fileRef = 3352AC222BB1D8BB0081702F /* RepositoryApp.swift */; };
		3352AC262BB1DDBF0081702F /* FileManagerApp.swift in Sources */ = {isa = PBXBuildFile; fileRef = 3352AC252BB1DDBF0081702F /* FileManagerApp.swift */; };
		3352AC2A2BB1F6AA0081702F /* NetworkingError.swift in Sources */ = {isa = PBXBuildFile; fileRef = 3352AC292BB1F6AA0081702F /* NetworkingError.swift */; };
		3352AC2D2BB220BF0081702F /* CardView.swift in Sources */ = {isa = PBXBuildFile; fileRef = 3352AC2C2BB220BF0081702F /* CardView.swift */; };
		3352AC2F2BB220EB0081702F /* CardViewModel.swift in Sources */ = {isa = PBXBuildFile; fileRef = 3352AC2E2BB220EB0081702F /* CardViewModel.swift */; };
/* End PBXBuildFile section */

/* Begin PBXFileReference section */
		3334F1342BB070D3007C4868 /* MainView.swift */ = {isa = PBXFileReference; lastKnownFileType = sourcecode.swift; path = MainView.swift; sourceTree = "<group>"; };
		3334F1362BB070F3007C4868 /* MainViewModel.swift */ = {isa = PBXFileReference; lastKnownFileType = sourcecode.swift; path = MainViewModel.swift; sourceTree = "<group>"; };
		3334F13B2BB0728E007C4868 /* WebView.swift */ = {isa = PBXFileReference; lastKnownFileType = sourcecode.swift; path = WebView.swift; sourceTree = "<group>"; };
		3334F13D2BB07370007C4868 /* WebViewModel.swift */ = {isa = PBXFileReference; lastKnownFileType = sourcecode.swift; path = WebViewModel.swift; sourceTree = "<group>"; };
		3334F13F2BB07CC2007C4868 /* Info.plist */ = {isa = PBXFileReference; lastKnownFileType = text.plist; path = Info.plist; sourceTree = "<group>"; };
		333B4D952B7F9A6600DD21D6 /* WebView.app */ = {isa = PBXFileReference; explicitFileType = wrapper.application; includeInIndex = 0; path = WebView.app; sourceTree = BUILT_PRODUCTS_DIR; };
		333B4D982B7F9A6600DD21D6 /* WebViewApp.swift */ = {isa = PBXFileReference; lastKnownFileType = sourcecode.swift; path = WebViewApp.swift; sourceTree = "<group>"; };
		333B4D9C2B7F9A6700DD21D6 /* Assets.xcassets */ = {isa = PBXFileReference; lastKnownFileType = folder.assetcatalog; path = Assets.xcassets; sourceTree = "<group>"; };
		333B4D9F2B7F9A6700DD21D6 /* Preview Assets.xcassets */ = {isa = PBXFileReference; lastKnownFileType = folder.assetcatalog; path = "Preview Assets.xcassets"; sourceTree = "<group>"; };
		3352AC1C2BB1D0D10081702F /* LocalDataSource.swift */ = {isa = PBXFileReference; lastKnownFileType = sourcecode.swift; path = LocalDataSource.swift; sourceTree = "<group>"; };
		3352AC1E2BB1D57B0081702F /* FileStatus.swift */ = {isa = PBXFileReference; lastKnownFileType = sourcecode.swift; path = FileStatus.swift; sourceTree = "<group>"; };
		3352AC202BB1D8530081702F /* RemoteDataSource.swift */ = {isa = PBXFileReference; lastKnownFileType = sourcecode.swift; path = RemoteDataSource.swift; sourceTree = "<group>"; };
		3352AC222BB1D8BB0081702F /* RepositoryApp.swift */ = {isa = PBXFileReference; lastKnownFileType = sourcecode.swift; path = RepositoryApp.swift; sourceTree = "<group>"; };
		3352AC252BB1DDBF0081702F /* FileManagerApp.swift */ = {isa = PBXFileReference; lastKnownFileType = sourcecode.swift; path = FileManagerApp.swift; sourceTree = "<group>"; };
		3352AC292BB1F6AA0081702F /* NetworkingError.swift */ = {isa = PBXFileReference; lastKnownFileType = sourcecode.swift; path = NetworkingError.swift; sourceTree = "<group>"; };
		3352AC2C2BB220BF0081702F /* CardView.swift */ = {isa = PBXFileReference; lastKnownFileType = sourcecode.swift; path = CardView.swift; sourceTree = "<group>"; };
		3352AC2E2BB220EB0081702F /* CardViewModel.swift */ = {isa = PBXFileReference; lastKnownFileType = sourcecode.swift; path = CardViewModel.swift; sourceTree = "<group>"; };
/* End PBXFileReference section */

/* Begin PBXFrameworksBuildPhase section */
		333B4D922B7F9A6600DD21D6 /* Frameworks */ = {
			isa = PBXFrameworksBuildPhase;
			buildActionMask = 2147483647;
			files = (
			);
			runOnlyForDeploymentPostprocessing = 0;
		};
/* End PBXFrameworksBuildPhase section */

/* Begin PBXGroup section */
		3334F1322BB070A5007C4868 /* Pages */ = {
			isa = PBXGroup;
			children = (
				3334F1332BB070BD007C4868 /* Main */,
			);
			path = Pages;
			sourceTree = "<group>";
		};
		3334F1332BB070BD007C4868 /* Main */ = {
			isa = PBXGroup;
			children = (
				3334F1342BB070D3007C4868 /* MainView.swift */,
				3334F1362BB070F3007C4868 /* MainViewModel.swift */,
			);
			path = Main;
			sourceTree = "<group>";
		};
		3334F1382BB071D7007C4868 /* Components */ = {
			isa = PBXGroup;
			children = (
				3352AC2B2BB2208B0081702F /* Card */,
				3334F13A2BB07208007C4868 /* WebView */,
			);
			path = Components;
			sourceTree = "<group>";
		};
		3334F1392BB071F1007C4868 /* Models */ = {
			isa = PBXGroup;
			children = (
				3352AC1E2BB1D57B0081702F /* FileStatus.swift */,
				3352AC292BB1F6AA0081702F /* NetworkingError.swift */,
			);
			path = Models;
			sourceTree = "<group>";
		};
		3334F13A2BB07208007C4868 /* WebView */ = {
			isa = PBXGroup;
			children = (
				3334F13B2BB0728E007C4868 /* WebView.swift */,
				3334F13D2BB07370007C4868 /* WebViewModel.swift */,
			);
			path = WebView;
			sourceTree = "<group>";
		};
		333B4D8C2B7F9A6600DD21D6 = {
			isa = PBXGroup;
			children = (
				333B4D972B7F9A6600DD21D6 /* WebView */,
				333B4D962B7F9A6600DD21D6 /* Products */,
			);
			sourceTree = "<group>";
		};
		333B4D962B7F9A6600DD21D6 /* Products */ = {
			isa = PBXGroup;
			children = (
				333B4D952B7F9A6600DD21D6 /* WebView.app */,
			);
			name = Products;
			sourceTree = "<group>";
		};
		333B4D972B7F9A6600DD21D6 /* WebView */ = {
			isa = PBXGroup;
			children = (
				3334F13F2BB07CC2007C4868 /* Info.plist */,
				3352AC182BB1D05A0081702F /* DataSource */,
				3352AC1B2BB1D08D0081702F /* Repositories */,
				3334F1392BB071F1007C4868 /* Models */,
				3334F1382BB071D7007C4868 /* Components */,
				3334F1322BB070A5007C4868 /* Pages */,
				333B4D982B7F9A6600DD21D6 /* WebViewApp.swift */,
				333B4D9C2B7F9A6700DD21D6 /* Assets.xcassets */,
				333B4D9E2B7F9A6700DD21D6 /* Preview Content */,
			);
			path = WebView;
			sourceTree = "<group>";
		};
		333B4D9E2B7F9A6700DD21D6 /* Preview Content */ = {
			isa = PBXGroup;
			children = (
				333B4D9F2B7F9A6700DD21D6 /* Preview Assets.xcassets */,
			);
			path = "Preview Content";
			sourceTree = "<group>";
		};
		3352AC182BB1D05A0081702F /* DataSource */ = {
			isa = PBXGroup;
			children = (
				3352AC1C2BB1D0D10081702F /* LocalDataSource.swift */,
				3352AC202BB1D8530081702F /* RemoteDataSource.swift */,
			);
			path = DataSource;
			sourceTree = "<group>";
		};
		3352AC1B2BB1D08D0081702F /* Repositories */ = {
			isa = PBXGroup;
			children = (
				3352AC252BB1DDBF0081702F /* FileManagerApp.swift */,
				3352AC222BB1D8BB0081702F /* RepositoryApp.swift */,
			);
			path = Repositories;
			sourceTree = "<group>";
		};
		3352AC2B2BB2208B0081702F /* Card */ = {
			isa = PBXGroup;
			children = (
				3352AC2C2BB220BF0081702F /* CardView.swift */,
				3352AC2E2BB220EB0081702F /* CardViewModel.swift */,
			);
			path = Card;
			sourceTree = "<group>";
		};
/* End PBXGroup section */

/* Begin PBXNativeTarget section */
		333B4D942B7F9A6600DD21D6 /* WebView */ = {
			isa = PBXNativeTarget;
			buildConfigurationList = 333B4DA32B7F9A6700DD21D6 /* Build configuration list for PBXNativeTarget "WebView" */;
			buildPhases = (
				333B4D912B7F9A6600DD21D6 /* Sources */,
				333B4D922B7F9A6600DD21D6 /* Frameworks */,
				333B4D932B7F9A6600DD21D6 /* Resources */,
			);
			buildRules = (
			);
			dependencies = (
			);
			name = WebView;
			productName = WebView;
			productReference = 333B4D952B7F9A6600DD21D6 /* WebView.app */;
			productType = "com.apple.product-type.application";
		};
/* End PBXNativeTarget section */

/* Begin PBXProject section */
		333B4D8D2B7F9A6600DD21D6 /* Project object */ = {
			isa = PBXProject;
			attributes = {
				BuildIndependentTargetsInParallel = 1;
				LastSwiftUpdateCheck = 1500;
				LastUpgradeCheck = 1500;
				TargetAttributes = {
					333B4D942B7F9A6600DD21D6 = {
						CreatedOnToolsVersion = 15.0.1;
					};
				};
			};
			buildConfigurationList = 333B4D902B7F9A6600DD21D6 /* Build configuration list for PBXProject "WebView" */;
			compatibilityVersion = "Xcode 14.0";
			developmentRegion = en;
			hasScannedForEncodings = 0;
			knownRegions = (
				en,
				Base,
			);
			mainGroup = 333B4D8C2B7F9A6600DD21D6;
			productRefGroup = 333B4D962B7F9A6600DD21D6 /* Products */;
			projectDirPath = "";
			projectRoot = "";
			targets = (
				333B4D942B7F9A6600DD21D6 /* WebView */,
			);
		};
/* End PBXProject section */

/* Begin PBXResourcesBuildPhase section */
		333B4D932B7F9A6600DD21D6 /* Resources */ = {
			isa = PBXResourcesBuildPhase;
			buildActionMask = 2147483647;
			files = (
				333B4DA02B7F9A6700DD21D6 /* Preview Assets.xcassets in Resources */,
				333B4D9D2B7F9A6700DD21D6 /* Assets.xcassets in Resources */,
			);
			runOnlyForDeploymentPostprocessing = 0;
		};
/* End PBXResourcesBuildPhase section */

/* Begin PBXSourcesBuildPhase section */
		333B4D912B7F9A6600DD21D6 /* Sources */ = {
			isa = PBXSourcesBuildPhase;
			buildActionMask = 2147483647;
			files = (
				3352AC212BB1D8530081702F /* RemoteDataSource.swift in Sources */,
				3352AC1D2BB1D0D10081702F /* LocalDataSource.swift in Sources */,
				3334F13E2BB07370007C4868 /* WebViewModel.swift in Sources */,
				3334F13C2BB0728E007C4868 /* WebView.swift in Sources */,
				3352AC2D2BB220BF0081702F /* CardView.swift in Sources */,
				3352AC1F2BB1D57B0081702F /* FileStatus.swift in Sources */,
				3352AC262BB1DDBF0081702F /* FileManagerApp.swift in Sources */,
				3334F1352BB070D3007C4868 /* MainView.swift in Sources */,
				3352AC2F2BB220EB0081702F /* CardViewModel.swift in Sources */,
				333B4D992B7F9A6600DD21D6 /* WebViewApp.swift in Sources */,
				3334F1372BB070F3007C4868 /* MainViewModel.swift in Sources */,
				3352AC2A2BB1F6AA0081702F /* NetworkingError.swift in Sources */,
				3352AC232BB1D8BB0081702F /* RepositoryApp.swift in Sources */,
			);
			runOnlyForDeploymentPostprocessing = 0;
		};
/* End PBXSourcesBuildPhase section */

/* Begin XCBuildConfiguration section */
		333B4DA12B7F9A6700DD21D6 /* Debug */ = {
			isa = XCBuildConfiguration;
			buildSettings = {
				ALWAYS_SEARCH_USER_PATHS = NO;
				ASSETCATALOG_COMPILER_GENERATE_SWIFT_ASSET_SYMBOL_EXTENSIONS = YES;
				CLANG_ANALYZER_NONNULL = YES;
				CLANG_ANALYZER_NUMBER_OBJECT_CONVERSION = YES_AGGRESSIVE;
				CLANG_CXX_LANGUAGE_STANDARD = "gnu++20";
				CLANG_ENABLE_MODULES = YES;
				CLANG_ENABLE_OBJC_ARC = YES;
				CLANG_ENABLE_OBJC_WEAK = YES;
				CLANG_WARN_BLOCK_CAPTURE_AUTORELEASING = YES;
				CLANG_WARN_BOOL_CONVERSION = YES;
				CLANG_WARN_COMMA = YES;
				CLANG_WARN_CONSTANT_CONVERSION = YES;
				CLANG_WARN_DEPRECATED_OBJC_IMPLEMENTATIONS = YES;
				CLANG_WARN_DIRECT_OBJC_ISA_USAGE = YES_ERROR;
				CLANG_WARN_DOCUMENTATION_COMMENTS = YES;
				CLANG_WARN_EMPTY_BODY = YES;
				CLANG_WARN_ENUM_CONVERSION = YES;
				CLANG_WARN_INFINITE_RECURSION = YES;
				CLANG_WARN_INT_CONVERSION = YES;
				CLANG_WARN_NON_LITERAL_NULL_CONVERSION = YES;
				CLANG_WARN_OBJC_IMPLICIT_RETAIN_SELF = YES;
				CLANG_WARN_OBJC_LITERAL_CONVERSION = YES;
				CLANG_WARN_OBJC_ROOT_CLASS = YES_ERROR;
				CLANG_WARN_QUOTED_INCLUDE_IN_FRAMEWORK_HEADER = YES;
				CLANG_WARN_RANGE_LOOP_ANALYSIS = YES;
				CLANG_WARN_STRICT_PROTOTYPES = YES;
				CLANG_WARN_SUSPICIOUS_MOVE = YES;
				CLANG_WARN_UNGUARDED_AVAILABILITY = YES_AGGRESSIVE;
				CLANG_WARN_UNREACHABLE_CODE = YES;
				CLANG_WARN__DUPLICATE_METHOD_MATCH = YES;
				COPY_PHASE_STRIP = NO;
				DEBUG_INFORMATION_FORMAT = dwarf;
				ENABLE_STRICT_OBJC_MSGSEND = YES;
				ENABLE_TESTABILITY = YES;
				ENABLE_USER_SCRIPT_SANDBOXING = YES;
				GCC_C_LANGUAGE_STANDARD = gnu17;
				GCC_DYNAMIC_NO_PIC = NO;
				GCC_NO_COMMON_BLOCKS = YES;
				GCC_OPTIMIZATION_LEVEL = 0;
				GCC_PREPROCESSOR_DEFINITIONS = (
					"DEBUG=1",
					"$(inherited)",
				);
				GCC_WARN_64_TO_32_BIT_CONVERSION = YES;
				GCC_WARN_ABOUT_RETURN_TYPE = YES_ERROR;
				GCC_WARN_UNDECLARED_SELECTOR = YES;
				GCC_WARN_UNINITIALIZED_AUTOS = YES_AGGRESSIVE;
				GCC_WARN_UNUSED_FUNCTION = YES;
				GCC_WARN_UNUSED_VARIABLE = YES;
				IPHONEOS_DEPLOYMENT_TARGET = 17.0;
				LOCALIZATION_PREFERS_STRING_CATALOGS = YES;
				MTL_ENABLE_DEBUG_INFO = INCLUDE_SOURCE;
				MTL_FAST_MATH = YES;
				ONLY_ACTIVE_ARCH = YES;
				SDKROOT = iphoneos;
				SWIFT_ACTIVE_COMPILATION_CONDITIONS = "DEBUG $(inherited)";
				SWIFT_OPTIMIZATION_LEVEL = "-Onone";
			};
			name = Debug;
		};
		333B4DA22B7F9A6700DD21D6 /* Release */ = {
			isa = XCBuildConfiguration;
			buildSettings = {
				ALWAYS_SEARCH_USER_PATHS = NO;
				ASSETCATALOG_COMPILER_GENERATE_SWIFT_ASSET_SYMBOL_EXTENSIONS = YES;
				CLANG_ANALYZER_NONNULL = YES;
				CLANG_ANALYZER_NUMBER_OBJECT_CONVERSION = YES_AGGRESSIVE;
				CLANG_CXX_LANGUAGE_STANDARD = "gnu++20";
				CLANG_ENABLE_MODULES = YES;
				CLANG_ENABLE_OBJC_ARC = YES;
				CLANG_ENABLE_OBJC_WEAK = YES;
				CLANG_WARN_BLOCK_CAPTURE_AUTORELEASING = YES;
				CLANG_WARN_BOOL_CONVERSION = YES;
				CLANG_WARN_COMMA = YES;
				CLANG_WARN_CONSTANT_CONVERSION = YES;
				CLANG_WARN_DEPRECATED_OBJC_IMPLEMENTATIONS = YES;
				CLANG_WARN_DIRECT_OBJC_ISA_USAGE = YES_ERROR;
				CLANG_WARN_DOCUMENTATION_COMMENTS = YES;
				CLANG_WARN_EMPTY_BODY = YES;
				CLANG_WARN_ENUM_CONVERSION = YES;
				CLANG_WARN_INFINITE_RECURSION = YES;
				CLANG_WARN_INT_CONVERSION = YES;
				CLANG_WARN_NON_LITERAL_NULL_CONVERSION = YES;
				CLANG_WARN_OBJC_IMPLICIT_RETAIN_SELF = YES;
				CLANG_WARN_OBJC_LITERAL_CONVERSION = YES;
				CLANG_WARN_OBJC_ROOT_CLASS = YES_ERROR;
				CLANG_WARN_QUOTED_INCLUDE_IN_FRAMEWORK_HEADER = YES;
				CLANG_WARN_RANGE_LOOP_ANALYSIS = YES;
				CLANG_WARN_STRICT_PROTOTYPES = YES;
				CLANG_WARN_SUSPICIOUS_MOVE = YES;
				CLANG_WARN_UNGUARDED_AVAILABILITY = YES_AGGRESSIVE;
				CLANG_WARN_UNREACHABLE_CODE = YES;
				CLANG_WARN__DUPLICATE_METHOD_MATCH = YES;
				COPY_PHASE_STRIP = NO;
				DEBUG_INFORMATION_FORMAT = "dwarf-with-dsym";
				ENABLE_NS_ASSERTIONS = NO;
				ENABLE_STRICT_OBJC_MSGSEND = YES;
				ENABLE_USER_SCRIPT_SANDBOXING = YES;
				GCC_C_LANGUAGE_STANDARD = gnu17;
				GCC_NO_COMMON_BLOCKS = YES;
				GCC_WARN_64_TO_32_BIT_CONVERSION = YES;
				GCC_WARN_ABOUT_RETURN_TYPE = YES_ERROR;
				GCC_WARN_UNDECLARED_SELECTOR = YES;
				GCC_WARN_UNINITIALIZED_AUTOS = YES_AGGRESSIVE;
				GCC_WARN_UNUSED_FUNCTION = YES;
				GCC_WARN_UNUSED_VARIABLE = YES;
				IPHONEOS_DEPLOYMENT_TARGET = 17.0;
				LOCALIZATION_PREFERS_STRING_CATALOGS = YES;
				MTL_ENABLE_DEBUG_INFO = NO;
				MTL_FAST_MATH = YES;
				SDKROOT = iphoneos;
				SWIFT_COMPILATION_MODE = wholemodule;
				VALIDATE_PRODUCT = YES;
			};
			name = Release;
		};
		333B4DA42B7F9A6700DD21D6 /* Debug */ = {
			isa = XCBuildConfiguration;
			buildSettings = {
				ASSETCATALOG_COMPILER_APPICON_NAME = AppIcon;
				ASSETCATALOG_COMPILER_GLOBAL_ACCENT_COLOR_NAME = AccentColor;
				CODE_SIGN_STYLE = Automatic;
				CURRENT_PROJECT_VERSION = 1;
				DEVELOPMENT_ASSET_PATHS = "\"WebView/Preview Content\"";
				DEVELOPMENT_TEAM = 68GGNBWVC7;
				ENABLE_PREVIEWS = YES;
				GENERATE_INFOPLIST_FILE = YES;
				INFOPLIST_FILE = WebView/Info.plist;
				INFOPLIST_KEY_LSSupportsOpeningDocumentsInPlace = YES;
				INFOPLIST_KEY_UIApplicationSceneManifest_Generation = YES;
				INFOPLIST_KEY_UILaunchScreen_Generation = YES;
				INFOPLIST_KEY_UISupportedInterfaceOrientations_iPad = "UIInterfaceOrientationPortrait UIInterfaceOrientationPortraitUpsideDown UIInterfaceOrientationLandscapeLeft UIInterfaceOrientationLandscapeRight";
				INFOPLIST_KEY_UISupportedInterfaceOrientations_iPhone = "UIInterfaceOrientationPortrait UIInterfaceOrientationLandscapeLeft UIInterfaceOrientationLandscapeRight";
				IPHONEOS_DEPLOYMENT_TARGET = 14.0;
				LD_RUNPATH_SEARCH_PATHS = (
					"$(inherited)",
					"@executable_path/Frameworks",
				);
				MARKETING_VERSION = 1.0;
				PRODUCT_BUNDLE_IDENTIFIER = com.oneshot.kevinmarin.WebView;
				PRODUCT_NAME = "$(TARGET_NAME)";
				SWIFT_EMIT_LOC_STRINGS = YES;
				SWIFT_VERSION = 5.0;
				TARGETED_DEVICE_FAMILY = "1,2";
			};
			name = Debug;
		};
		333B4DA52B7F9A6700DD21D6 /* Release */ = {
			isa = XCBuildConfiguration;
			buildSettings = {
				ASSETCATALOG_COMPILER_APPICON_NAME = AppIcon;
				ASSETCATALOG_COMPILER_GLOBAL_ACCENT_COLOR_NAME = AccentColor;
				CODE_SIGN_STYLE = Automatic;
				CURRENT_PROJECT_VERSION = 1;
				DEVELOPMENT_ASSET_PATHS = "\"WebView/Preview Content\"";
				DEVELOPMENT_TEAM = 68GGNBWVC7;
				ENABLE_PREVIEWS = YES;
				GENERATE_INFOPLIST_FILE = YES;
				INFOPLIST_FILE = WebView/Info.plist;
				INFOPLIST_KEY_LSSupportsOpeningDocumentsInPlace = YES;
				INFOPLIST_KEY_UIApplicationSceneManifest_Generation = YES;
				INFOPLIST_KEY_UILaunchScreen_Generation = YES;
				INFOPLIST_KEY_UISupportedInterfaceOrientations_iPad = "UIInterfaceOrientationPortrait UIInterfaceOrientationPortraitUpsideDown UIInterfaceOrientationLandscapeLeft UIInterfaceOrientationLandscapeRight";
				INFOPLIST_KEY_UISupportedInterfaceOrientations_iPhone = "UIInterfaceOrientationPortrait UIInterfaceOrientationLandscapeLeft UIInterfaceOrientationLandscapeRight";
				IPHONEOS_DEPLOYMENT_TARGET = 14.0;
				LD_RUNPATH_SEARCH_PATHS = (
					"$(inherited)",
					"@executable_path/Frameworks",
				);
				MARKETING_VERSION = 1.0;
				PRODUCT_BUNDLE_IDENTIFIER = com.oneshot.kevinmarin.WebView;
				PRODUCT_NAME = "$(TARGET_NAME)";
				SWIFT_EMIT_LOC_STRINGS = YES;
				SWIFT_VERSION = 5.0;
				TARGETED_DEVICE_FAMILY = "1,2";
			};
			name = Release;
		};
/* End XCBuildConfiguration section */

/* Begin XCConfigurationList section */
		333B4D902B7F9A6600DD21D6 /* Build configuration list for PBXProject "WebView" */ = {
			isa = XCConfigurationList;
			buildConfigurations = (
				333B4DA12B7F9A6700DD21D6 /* Debug */,
				333B4DA22B7F9A6700DD21D6 /* Release */,
			);
			defaultConfigurationIsVisible = 0;
			defaultConfigurationName = Release;
		};
		333B4DA32B7F9A6700DD21D6 /* Build configuration list for PBXNativeTarget "WebView" */ = {
			isa = XCConfigurationList;
			buildConfigurations = (
				333B4DA42B7F9A6700DD21D6 /* Debug */,
				333B4DA52B7F9A6700DD21D6 /* Release */,
			);
			defaultConfigurationIsVisible = 0;
			defaultConfigurationName = Release;
		};
/* End XCConfigurationList section */
	};
	rootObject = 333B4D8D2B7F9A6600DD21D6 /* Project object */;
}
